
Microsoft Visual Studio Solution File, Format Version 12.00
# Visual Studio Version 16
VisualStudioVersion = 16.0.29424.173
MinimumVisualStudioVersion = 10.0.40219.1
Project("{9A19103F-16F7-4668-BE54-9A1E7A4F7556}") = "ExchangeRateApiClient", "ExchangeRateApiClient\ExchangeRateApiClient.csproj", "{67A9483E-3B57-45BA-9C02-3860FD047781}"
EndProject
Project("{9A19103F-16F7-4668-BE54-9A1E7A4F7556}") = "ExchangeRatesNeuralNetwork", "ExchangeRatesNeuralNetwork\ExchangeRatesNeuralNetwork.csproj", "{83A0C183-BDF0-4525-BF65-4D28CF7B6BB8}"
EndProject
Global
	GlobalSection(SolutionConfigurationPlatforms) = preSolution
		Debug|Any CPU = Debug|Any CPU
		Release|Any CPU = Release|Any CPU
	EndGlobalSection
	GlobalSection(ProjectConfigurationPlatforms) = postSolution
		{67A9483E-3B57-45BA-9C02-3860FD047781}.Debug|Any CPU.ActiveCfg = Debug|Any CPU
		{67A9483E-3B57-45BA-9C02-3860FD047781}.Debug|Any CPU.Build.0 = Debug|Any CPU
		{67A9483E-3B57-45BA-9C02-3860FD047781}.Release|Any CPU.ActiveCfg = Release|Any CPU
		{67A9483E-3B57-45BA-9C02-3860FD047781}.Release|Any CPU.Build.0 = Release|Any CPU
		{83A0C183-BDF0-4525-BF65-4D28CF7B6BB8}.Debug|Any CPU.ActiveCfg = Debug|Any CPU
		{83A0C183-BDF0-4525-BF65-4D28CF7B6BB8}.Debug|Any CPU.Build.0 = Debug|Any CPU
		{83A0C183-BDF0-4525-BF65-4D28CF7B6BB8}.Release|Any CPU.ActiveCfg = Release|Any CPU
		{83A0C183-BDF0-4525-BF65-4D28CF7B6BB8}.Release|Any CPU.Build.0 = Release|Any CPU
	EndGlobalSection
	GlobalSection(SolutionProperties) = preSolution
		HideSolutionNode = FALSE
	EndGlobalSection
	GlobalSection(ExtensibilityGlobals) = postSolution
		SolutionGuid = {3B93021F-9833-4AF8-9BF8-17D31C8D7FF7}
	EndGlobalSection
EndGlobal
